
Microsoft Visual Studio Solution File, Format Version 12.00
# Visual Studio Version 16
VisualStudioVersion = 16.0.29102.190
MinimumVisualStudioVersion = 10.0.40219.1
Project("{FAE04EC0-301F-11D3-BF4B-00C04F79EFBC}") = "GuidInProjection", "GuidInProjection\GuidInProjection.csproj", "{8DF0D682-02E2-4569-A693-D69BAD83BEC6}"
EndProject
Global
	GlobalSection(SolutionConfigurationPlatforms) = preSolution
		Debug|Any CPU = Debug|Any CPU
		Release|Any CPU = Release|Any CPU
	EndGlobalSection
	GlobalSection(ProjectConfigurationPlatforms) = postSolution
		{8DF0D682-02E2-4569-A693-D69BAD83BEC6}.Debug|Any CPU.ActiveCfg = Debug|Any CPU
		{8DF0D682-02E2-4569-A693-D69BAD83BEC6}.Debug|Any CPU.Build.0 = Debug|Any CPU
		{8DF0D682-02E2-4569-A693-D69BAD83BEC6}.Release|Any CPU.ActiveCfg = Release|Any CPU
		{8DF0D682-02E2-4569-A693-D69BAD83BEC6}.Release|Any CPU.Build.0 = Release|Any CPU
	EndGlobalSection
	GlobalSection(SolutionProperties) = preSolution
		HideSolutionNode = FALSE
	EndGlobalSection
	GlobalSection(ExtensibilityGlobals) = postSolution
		SolutionGuid = {027FF929-397A-4BFA-A924-A336DD452BEC}
	EndGlobalSection
EndGlobal
